// !$*UTF8*$!
{
	archiveVersion = 1;
	classes = {
	};
	objectVersion = 77;
	objects = {

/* Begin PBXBuildFile section */
		53B944153019A273006CDA01 /* Privy in Frameworks */ = {isa = PBXBuildFile; productRef = AA1100000000000000000011 /* Privy */; };
		BE56E90A2F6BAF630076E124 /* HTTPTypes in Frameworks */ = {isa = PBXBuildFile; productRef = BE56E9092F6BAF630076E124 /* HTTPTypes */; };
		BE56E90C2F6BAF630076E124 /* HTTPTypesFoundation in Frameworks */ = {isa = PBXBuildFile; productRef = BE56E90B2F6BAF630076E124 /* HTTPTypesFoundation */; };
		BE8DCF282FDE7CE3009C3827 /* ShareExtension.appex in Embed Foundation Extensions */ = {isa = PBXBuildFile; fileRef = BE8DCF1E2FDE7CE3009C3827 /* ShareExtension.appex */; settings = {ATTRIBUTES = (RemoveHeadersOnCopy, ); }; };
		BEA27B452F691A1500CEC993 /* OpenAPIRuntime in Frameworks */ = {isa = PBXBuildFile; productRef = BEA27B442F691A1500CEC993 /* OpenAPIRuntime */; };
		BEA27B482F691A2E00CEC993 /* OpenAPIURLSession in Frameworks */ = {isa = PBXBuildFile; productRef = BEA27B472F691A2E00CEC993 /* OpenAPIURLSession */; };
		BEEA8BD02F6FF37F00864477 /* GoogleSignIn in Frameworks */ = {isa = PBXBuildFile; productRef = BEEA8BCF2F6FF37F00864477 /* GoogleSignIn */; };
		BEEA8BD22F6FF37F00864477 /* GoogleSignInSwift in Frameworks */ = {isa = PBXBuildFile; productRef = BEEA8BD12F6FF37F00864477 /* GoogleSignInSwift */; };
/* End PBXBuildFile section */

/* Begin PBXContainerItemProxy section */
		AA110000000000000000000B /* PBXContainerItemProxy */ = {
			isa = PBXContainerItemProxy;
			containerPortal = BE78E3D72F4C7DFA00F603AE /* Project object */;
			proxyType = 1;
			remoteGlobalIDString = BE78E3DE2F4C7DFA00F603AE;
			remoteInfo = OnePlan;
		};
		BE8DCF262FDE7CE3009C3827 /* PBXContainerItemProxy */ = {
			isa = PBXContainerItemProxy;
			containerPortal = BE78E3D72F4C7DFA00F603AE /* Project object */;
			proxyType = 1;
			remoteGlobalIDString = BE8DCF1D2FDE7CE3009C3827;
			remoteInfo = ShareExtension;
		};
/* End PBXContainerItemProxy section */

/* Begin PBXCopyFilesBuildPhase section */
		BE8DCF2E2FDE7CE3009C3827 /* Embed Foundation Extensions */ = {
			isa = PBXCopyFilesBuildPhase;
			buildActionMask = 2147483647;
			dstPath = "";
			dstSubfolderSpec = 13;
			files = (
				BE8DCF282FDE7CE3009C3827 /* ShareExtension.appex in Embed Foundation Extensions */,
			);
			name = "Embed Foundation Extensions";
			runOnlyForDeploymentPostprocessing = 0;
		};
/* End PBXCopyFilesBuildPhase section */

/* Begin PBXFileReference section */
		AA1100000000000000000003 /* OnePlanTests.xctest */ = {isa = PBXFileReference; explicitFileType = wrapper.cfbundle; includeInIndex = 0; path = OnePlanTests.xctest; sourceTree = BUILT_PRODUCTS_DIR; };
		BE78E3DF2F4C7DFA00F603AE /* OnePlan.app */ = {isa = PBXFileReference; explicitFileType = wrapper.application; includeInIndex = 0; path = OnePlan.app; sourceTree = BUILT_PRODUCTS_DIR; };
		BE8DCF1E2FDE7CE3009C3827 /* ShareExtension.appex */ = {isa = PBXFileReference; explicitFileType = "wrapper.app-extension"; includeInIndex = 0; path = ShareExtension.appex; sourceTree = BUILT_PRODUCTS_DIR; };
/* End PBXFileReference section */

/* Begin PBXFileSystemSynchronizedBuildFileExceptionSet section */
		BE4A7BA42F6EF75A000BD0E7 /* Exceptions for "OnePlan" folder in "OnePlan" target */ = {
			isa = PBXFileSystemSynchronizedBuildFileExceptionSet;
			membershipExceptions = (
				Info.plist,
			);
			target = BE78E3DE2F4C7DFA00F603AE /* OnePlan */;
		};
		BE8DCF2D2FDE7CE3009C3827 /* Exceptions for "ShareExtension" folder in "ShareExtension" target */ = {
			isa = PBXFileSystemSynchronizedBuildFileExceptionSet;
			membershipExceptions = (
				Info.plist,
			);
			target = BE8DCF1D2FDE7CE3009C3827 /* ShareExtension */;
		};
		BE8DCF382FDE7EBD009C3827 /* Exceptions for "OnePlan" folder in "ShareExtension" target */ = {
			isa = PBXFileSystemSynchronizedBuildFileExceptionSet;
			membershipExceptions = (
				Services/SharedExtractionStore.swift,
				Services/SupportedVideoLink.swift,
			);
			target = BE8DCF1D2FDE7CE3009C3827 /* ShareExtension */;
		};
/* End PBXFileSystemSynchronizedBuildFileExceptionSet section */

/* Begin PBXFileSystemSynchronizedRootGroup section */
		AA1100000000000000000001 /* OnePlanTests */ = {
			isa = PBXFileSystemSynchronizedRootGroup;
			path = OnePlanTests;
			sourceTree = "<group>";
		};
		BE78E3E12F4C7DFA00F603AE /* OnePlan */ = {
			isa = PBXFileSystemSynchronizedRootGroup;
			exceptions = (
				BE4A7BA42F6EF75A000BD0E7 /* Exceptions for "OnePlan" folder in "OnePlan" target */,
				BE8DCF382FDE7EBD009C3827 /* Exceptions for "OnePlan" folder in "ShareExtension" target */,
			);
			path = OnePlan;
			sourceTree = "<group>";
		};
		BE8DCF1F2FDE7CE3009C3827 /* ShareExtension */ = {
			isa = PBXFileSystemSynchronizedRootGroup;
			exceptions = (
				BE8DCF2D2FDE7CE3009C3827 /* Exceptions for "ShareExtension" folder in "ShareExtension" target */,
			);
			path = ShareExtension;
			sourceTree = "<group>";
		};
/* End PBXFileSystemSynchronizedRootGroup section */

/* Begin PBXFrameworksBuildPhase section */
		AA1100000000000000000005 /* Frameworks */ = {
			isa = PBXFrameworksBuildPhase;
			buildActionMask = 2147483647;
			files = (
			);
			runOnlyForDeploymentPostprocessing = 0;
		};
		BE78E3DC2F4C7DFA00F603AE /* Frameworks */ = {
			isa = PBXFrameworksBuildPhase;
			buildActionMask = 2147483647;
			files = (
				53B944153019A273006CDA01 /* Privy in Frameworks */,
				BEEA8BD02F6FF37F00864477 /* GoogleSignIn in Frameworks */,
				BE56E90A2F6BAF630076E124 /* HTTPTypes in Frameworks */,
				BEA27B482F691A2E00CEC993 /* OpenAPIURLSession in Frameworks */,
				BEEA8BD22F6FF37F00864477 /* GoogleSignInSwift in Frameworks */,
				BEA27B452F691A1500CEC993 /* OpenAPIRuntime in Frameworks */,
				BE56E90C2F6BAF630076E124 /* HTTPTypesFoundation in Frameworks */,
			);
			runOnlyForDeploymentPostprocessing = 0;
		};
		BE8DCF1B2FDE7CE3009C3827 /* Frameworks */ = {
			isa = PBXFrameworksBuildPhase;
			buildActionMask = 2147483647;
			files = (
			);
			runOnlyForDeploymentPostprocessing = 0;
		};
/* End PBXFrameworksBuildPhase section */

/* Begin PBXGroup section */
		BE78E3D62F4C7DFA00F603AE = {
			isa = PBXGroup;
			children = (
				BE78E3E12F4C7DFA00F603AE /* OnePlan */,
				BE8DCF1F2FDE7CE3009C3827 /* ShareExtension */,
				AA1100000000000000000001 /* OnePlanTests */,
				BE78E3E02F4C7DFA00F603AE /* Products */,
			);
			sourceTree = "<group>";
		};
		BE78E3E02F4C7DFA00F603AE /* Products */ = {
			isa = PBXGroup;
			children = (
				BE78E3DF2F4C7DFA00F603AE /* OnePlan.app */,
				BE8DCF1E2FDE7CE3009C3827 /* ShareExtension.appex */,
				AA1100000000000000000003 /* OnePlanTests.xctest */,
			);
			name = Products;
			sourceTree = "<group>";
		};
/* End PBXGroup section */

/* Begin PBXNativeTarget section */
		AA1100000000000000000002 /* OnePlanTests */ = {
			isa = PBXNativeTarget;
			buildConfigurationList = AA1100000000000000000007 /* Build configuration list for PBXNativeTarget "OnePlanTests" */;
			buildPhases = (
				AA1100000000000000000004 /* Sources */,
				AA1100000000000000000005 /* Frameworks */,
				AA1100000000000000000006 /* Resources */,
			);
			buildRules = (
			);
			dependencies = (
				AA110000000000000000000A /* PBXTargetDependency */,
			);
			fileSystemSynchronizedGroups = (
				AA1100000000000000000001 /* OnePlanTests */,
			);
			name = OnePlanTests;
			packageProductDependencies = (
			);
			productName = OnePlanTests;
			productReference = AA1100000000000000000003 /* OnePlanTests.xctest */;
			productType = "com.apple.product-type.bundle.unit-test";
		};
		BE78E3DE2F4C7DFA00F603AE /* OnePlan */ = {
			isa = PBXNativeTarget;
			buildConfigurationList = BE78E3EC2F4C7DFB00F603AE /* Build configuration list for PBXNativeTarget "OnePlan" */;
			buildPhases = (
				BE78E3DB2F4C7DFA00F603AE /* Sources */,
				BE78E3DC2F4C7DFA00F603AE /* Frameworks */,
				BE78E3DD2F4C7DFA00F603AE /* Resources */,
				BE8DCF2E2FDE7CE3009C3827 /* Embed Foundation Extensions */,
			);
			buildRules = (
			);
			dependencies = (
				BEA27B532F692B5000CEC993 /* PBXTargetDependency */,
				BE8DCF272FDE7CE3009C3827 /* PBXTargetDependency */,
			);
			fileSystemSynchronizedGroups = (
				BE78E3E12F4C7DFA00F603AE /* OnePlan */,
			);
			name = OnePlan;
			packageProductDependencies = (
				BEA27B442F691A1500CEC993 /* OpenAPIRuntime */,
				BEA27B472F691A2E00CEC993 /* OpenAPIURLSession */,
				BE56E9092F6BAF630076E124 /* HTTPTypes */,
				BE56E90B2F6BAF630076E124 /* HTTPTypesFoundation */,
				BEEA8BCF2F6FF37F00864477 /* GoogleSignIn */,
				BEEA8BD12F6FF37F00864477 /* GoogleSignInSwift */,
				AA1100000000000000000011 /* Privy */,
			);
			productName = OnePlan;
			productReference = BE78E3DF2F4C7DFA00F603AE /* OnePlan.app */;
			productType = "com.apple.product-type.application";
		};
		BE8DCF1D2FDE7CE3009C3827 /* ShareExtension */ = {
			isa = PBXNativeTarget;
			buildConfigurationList = BE8DCF292FDE7CE3009C3827 /* Build configuration list for PBXNativeTarget "ShareExtension" */;
			buildPhases = (
				BE8DCF1A2FDE7CE3009C3827 /* Sources */,
				BE8DCF1B2FDE7CE3009C3827 /* Frameworks */,
				BE8DCF1C2FDE7CE3009C3827 /* Resources */,
			);
			buildRules = (
			);
			dependencies = (
			);
			fileSystemSynchronizedGroups = (
				BE8DCF1F2FDE7CE3009C3827 /* ShareExtension */,
			);
			name = ShareExtension;
			packageProductDependencies = (
			);
			productName = ShareExtension;
			productReference = BE8DCF1E2FDE7CE3009C3827 /* ShareExtension.appex */;
			productType = "com.apple.product-type.app-extension";
		};
/* End PBXNativeTarget section */

/* Begin PBXProject section */
		BE78E3D72F4C7DFA00F603AE /* Project object */ = {
			isa = PBXProject;
			attributes = {
				BuildIndependentTargetsInParallel = 1;
				LastSwiftUpdateCheck = 2620;
				LastUpgradeCheck = 2620;
				TargetAttributes = {
					BE78E3DE2F4C7DFA00F603AE = {
						CreatedOnToolsVersion = 26.2;
					};
					BE8DCF1D2FDE7CE3009C3827 = {
						CreatedOnToolsVersion = 26.2;
					};
				};
			};
			buildConfigurationList = BE78E3DA2F4C7DFA00F603AE /* Build configuration list for PBXProject "OnePlan" */;
			developmentRegion = en;
			hasScannedForEncodings = 0;
			knownRegions = (
				en,
				Base,
				vi,
			);
			mainGroup = BE78E3D62F4C7DFA00F603AE;
			minimizedProjectReferenceProxies = 1;
			packageReferences = (
				BEA27B3E2F6919F300CEC993 /* XCRemoteSwiftPackageReference "swift-openapi-generator" */,
				BEA27B432F691A1500CEC993 /* XCRemoteSwiftPackageReference "swift-openapi-runtime" */,
				BEA27B462F691A2E00CEC993 /* XCRemoteSwiftPackageReference "swift-openapi-urlsession" */,
				BE56E9082F6BAF630076E124 /* XCRemoteSwiftPackageReference "swift-http-types" */,
				BEEA8BCE2F6FF37F00864477 /* XCRemoteSwiftPackageReference "GoogleSignIn-iOS" */,
				AA1100000000000000000010 /* XCRemoteSwiftPackageReference "privy-ios" */,
			);
			preferredProjectObjectVersion = 77;
			productRefGroup = BE78E3E02F4C7DFA00F603AE /* Products */;
			projectDirPath = "";
			projectRoot = "";
			targets = (
				BE78E3DE2F4C7DFA00F603AE /* OnePlan */,
				BE8DCF1D2FDE7CE3009C3827 /* ShareExtension */,
				AA1100000000000000000002 /* OnePlanTests */,
			);
		};
/* End PBXProject section */

/* Begin PBXResourcesBuildPhase section */
		AA1100000000000000000006 /* Resources */ = {
			isa = PBXResourcesBuildPhase;
			buildActionMask = 2147483647;
			files = (
			);
			runOnlyForDeploymentPostprocessing = 0;
		};
		BE78E3DD2F4C7DFA00F603AE /* Resources */ = {
			isa = PBXResourcesBuildPhase;
			buildActionMask = 2147483647;
			files = (
			);
			runOnlyForDeploymentPostprocessing = 0;
		};
		BE8DCF1C2FDE7CE3009C3827 /* Resources */ = {
			isa = PBXResourcesBuildPhase;
			buildActionMask = 2147483647;
			files = (
			);
			runOnlyForDeploymentPostprocessing = 0;
		};
/* End PBXResourcesBuildPhase section */

/* Begin PBXSourcesBuildPhase section */
		AA1100000000000000000004 /* Sources */ = {
			isa = PBXSourcesBuildPhase;
			buildActionMask = 2147483647;
			files = (
			);
			runOnlyForDeploymentPostprocessing = 0;
		};
		BE78E3DB2F4C7DFA00F603AE /* Sources */ = {
			isa = PBXSourcesBuildPhase;
			buildActionMask = 2147483647;
			files = (
			);
			runOnlyForDeploymentPostprocessing = 0;
		};
		BE8DCF1A2FDE7CE3009C3827 /* Sources */ = {
			isa = PBXSourcesBuildPhase;
			buildActionMask = 2147483647;
			files = (
			);
			runOnlyForDeploymentPostprocessing = 0;
		};
/* End PBXSourcesBuildPhase section */

/* Begin PBXTargetDependency section */
		AA110000000000000000000A /* PBXTargetDependency */ = {
			isa = PBXTargetDependency;
			target = BE78E3DE2F4C7DFA00F603AE /* OnePlan */;
			targetProxy = AA110000000000000000000B /* PBXContainerItemProxy */;
		};
		BE8DCF272FDE7CE3009C3827 /* PBXTargetDependency */ = {
			isa = PBXTargetDependency;
			target = BE8DCF1D2FDE7CE3009C3827 /* ShareExtension */;
			targetProxy = BE8DCF262FDE7CE3009C3827 /* PBXContainerItemProxy */;
		};
		BEA27B532F692B5000CEC993 /* PBXTargetDependency */ = {
			isa = PBXTargetDependency;
			productRef = BEA27B522F692B5000CEC993 /* OpenAPIGenerator */;
		};
/* End PBXTargetDependency section */

/* Begin XCBuildConfiguration section */
		53B946A93019A279006CDA01 /* Release-Dev */ = {
			isa = XCBuildConfiguration;
			buildSettings = {
				PRODUCT_NAME = OnePlanTests;
			};
			name = "Release-Dev";
		};
		AA1100000000000000000008 /* Debug */ = {
			isa = XCBuildConfiguration;
			buildSettings = {
				ALWAYS_EMBED_SWIFT_STANDARD_LIBRARIES = YES;
				BUNDLE_LOADER = "$(TEST_HOST)";
				CODE_SIGN_STYLE = Automatic;
				CURRENT_PROJECT_VERSION = 1;
				DEVELOPMENT_TEAM = P9CL9VF72D;
				GENERATE_INFOPLIST_FILE = YES;
				IPHONEOS_DEPLOYMENT_TARGET = 26.2;
				MARKETING_VERSION = 1.0;
				PRODUCT_BUNDLE_IDENTIFIER = local.lumilabs.oneplan.OnePlanTests;
				PRODUCT_NAME = "$(TARGET_NAME)";
				SWIFT_EMIT_LOC_STRINGS = NO;
				SWIFT_VERSION = 5.0;
				TARGETED_DEVICE_FAMILY = "1,2";
				TEST_HOST = "$(BUILT_PRODUCTS_DIR)/OnePlan.app/$(BUNDLE_EXECUTABLE_FOLDER_PATH)/OnePlan";
			};
			name = Debug;
		};
		AA1100000000000000000009 /* Release */ = {
			isa = XCBuildConfiguration;
			buildSettings = {
				ALWAYS_EMBED_SWIFT_STANDARD_LIBRARIES = YES;
				BUNDLE_LOADER = "$(TEST_HOST)";
				CODE_SIGN_STYLE = Automatic;
				CURRENT_PROJECT_VERSION = 1;
				DEVELOPMENT_TEAM = P9CL9VF72D;
				GENERATE_INFOPLIST_FILE = YES;
				IPHONEOS_DEPLOYMENT_TARGET = 26.2;
				MARKETING_VERSION = 1.0;
				PRODUCT_BUNDLE_IDENTIFIER = local.lumilabs.oneplan.OnePlanTests;
				PRODUCT_NAME = "$(TARGET_NAME)";
				SWIFT_EMIT_LOC_STRINGS = NO;
				SWIFT_VERSION = 5.0;
				TARGETED_DEVICE_FAMILY = "1,2";
				TEST_HOST = "$(BUILT_PRODUCTS_DIR)/OnePlan.app/$(BUNDLE_EXECUTABLE_FOLDER_PATH)/OnePlan";
			};
			name = Release;
		};
		BE78E3EA2F4C7DFB00F603AE /* Debug */ = {
			isa = XCBuildConfiguration;
			buildSettings = {
				ALWAYS_SEARCH_USER_PATHS = NO;
				ASSETCATALOG_COMPILER_GENERATE_SWIFT_ASSET_SYMBOL_EXTENSIONS = YES;
				CLANG_ANALYZER_NONNULL = YES;
				CLANG_ANALYZER_NUMBER_OBJECT_CONVERSION = YES_AGGRESSIVE;
				CLANG_CXX_LANGUAGE_STANDARD = "gnu++20";
				CLANG_ENABLE_MODULES = YES;
				CLANG_ENABLE_OBJC_ARC = YES;
				CLANG_ENABLE_OBJC_WEAK = YES;
				CLANG_WARN_BLOCK_CAPTURE_AUTORELEASING = YES;
				CLANG_WARN_BOOL_CONVERSION = YES;
				CLANG_WARN_COMMA = YES;
				CLANG_WARN_CONSTANT_CONVERSION = YES;
				CLANG_WARN_DEPRECATED_OBJC_IMPLEMENTATIONS = YES;
				CLANG_WARN_DIRECT_OBJC_ISA_USAGE = YES_ERROR;
				CLANG_WARN_DOCUMENTATION_COMMENTS = YES;
				CLANG_WARN_EMPTY_BODY = YES;
				CLANG_WARN_ENUM_CONVERSION = YES;
				CLANG_WARN_INFINITE_RECURSION = YES;
				CLANG_WARN_INT_CONVERSION = YES;
				CLANG_WARN_NON_LITERAL_NULL_CONVERSION = YES;
				CLANG_WARN_OBJC_IMPLICIT_RETAIN_SELF = YES;
				CLANG_WARN_OBJC_LITERAL_CONVERSION = YES;
				CLANG_WARN_OBJC_ROOT_CLASS = YES_ERROR;
				CLANG_WARN_QUOTED_INCLUDE_IN_FRAMEWORK_HEADER = YES;
				CLANG_WARN_RANGE_LOOP_ANALYSIS = YES;
				CLANG_WARN_STRICT_PROTOTYPES = YES;
				CLANG_WARN_SUSPICIOUS_MOVE = YES;
				CLANG_WARN_UNGUARDED_AVAILABILITY = YES_AGGRESSIVE;
				CLANG_WARN_UNREACHABLE_CODE = YES;
				CLANG_WARN__DUPLICATE_METHOD_MATCH = YES;
				COPY_PHASE_STRIP = NO;
				DEBUG_INFORMATION_FORMAT = dwarf;
				ENABLE_STRICT_OBJC_MSGSEND = YES;
				ENABLE_TESTABILITY = YES;
				ENABLE_USER_SCRIPT_SANDBOXING = YES;
				GCC_C_LANGUAGE_STANDARD = gnu17;
				GCC_DYNAMIC_NO_PIC = NO;
				GCC_NO_COMMON_BLOCKS = YES;
				GCC_OPTIMIZATION_LEVEL = 0;
				GCC_PREPROCESSOR_DEFINITIONS = (
					"DEBUG=1",
					"$(inherited)",
				);
				GCC_WARN_64_TO_32_BIT_CONVERSION = YES;
				GCC_WARN_ABOUT_RETURN_TYPE = YES_ERROR;
				GCC_WARN_UNDECLARED_SELECTOR = YES;
				GCC_WARN_UNINITIALIZED_AUTOS = YES_AGGRESSIVE;
				GCC_WARN_UNUSED_FUNCTION = YES;
				GCC_WARN_UNUSED_VARIABLE = YES;
				IPHONEOS_DEPLOYMENT_TARGET = 17.2;
				LOCALIZATION_PREFERS_STRING_CATALOGS = YES;
				MTL_ENABLE_DEBUG_INFO = INCLUDE_SOURCE;
				MTL_FAST_MATH = YES;
				ONLY_ACTIVE_ARCH = YES;
				SDKROOT = iphoneos;
				SWIFT_ACTIVE_COMPILATION_CONDITIONS = "DEBUG $(inherited)";
				SWIFT_OPTIMIZATION_LEVEL = "-Onone";
			};
			name = Debug;
		};
		BE78E3EB2F4C7DFB00F603AE /* Release */ = {
			isa = XCBuildConfiguration;
			buildSettings = {
				ALWAYS_SEARCH_USER_PATHS = NO;
				ASSETCATALOG_COMPILER_GENERATE_SWIFT_ASSET_SYMBOL_EXTENSIONS = YES;
				CLANG_ANALYZER_NONNULL = YES;
				CLANG_ANALYZER_NUMBER_OBJECT_CONVERSION = YES_AGGRESSIVE;
				CLANG_CXX_LANGUAGE_STANDARD = "gnu++20";
				CLANG_ENABLE_MODULES = YES;
				CLANG_ENABLE_OBJC_ARC = YES;
				CLANG_ENABLE_OBJC_WEAK = YES;
				CLANG_WARN_BLOCK_CAPTURE_AUTORELEASING = YES;
				CLANG_WARN_BOOL_CONVERSION = YES;
				CLANG_WARN_COMMA = YES;
				CLANG_WARN_CONSTANT_CONVERSION = YES;
				CLANG_WARN_DEPRECATED_OBJC_IMPLEMENTATIONS = YES;
				CLANG_WARN_DIRECT_OBJC_ISA_USAGE = YES_ERROR;
				CLANG_WARN_DOCUMENTATION_COMMENTS = YES;
				CLANG_WARN_EMPTY_BODY = YES;
				CLANG_WARN_ENUM_CONVERSION = YES;
				CLANG_WARN_INFINITE_RECURSION = YES;
				CLANG_WARN_INT_CONVERSION = YES;
				CLANG_WARN_NON_LITERAL_NULL_CONVERSION = YES;
				CLANG_WARN_OBJC_IMPLICIT_RETAIN_SELF = YES;
				CLANG_WARN_OBJC_LITERAL_CONVERSION = YES;
				CLANG_WARN_OBJC_ROOT_CLASS = YES_ERROR;
				CLANG_WARN_QUOTED_INCLUDE_IN_FRAMEWORK_HEADER = YES;
				CLANG_WARN_RANGE_LOOP_ANALYSIS = YES;
				CLANG_WARN_STRICT_PROTOTYPES = YES;
				CLANG_WARN_SUSPICIOUS_MOVE = YES;
				CLANG_WARN_UNGUARDED_AVAILABILITY = YES_AGGRESSIVE;
				CLANG_WARN_UNREACHABLE_CODE = YES;
				CLANG_WARN__DUPLICATE_METHOD_MATCH = YES;
				COPY_PHASE_STRIP = NO;
				DEBUG_INFORMATION_FORMAT = "dwarf-with-dsym";
				ENABLE_NS_ASSERTIONS = NO;
				ENABLE_STRICT_OBJC_MSGSEND = YES;
				ENABLE_USER_SCRIPT_SANDBOXING = YES;
				GCC_C_LANGUAGE_STANDARD = gnu17;
				GCC_NO_COMMON_BLOCKS = YES;
				GCC_WARN_64_TO_32_BIT_CONVERSION = YES;
				GCC_WARN_ABOUT_RETURN_TYPE = YES_ERROR;
				GCC_WARN_UNDECLARED_SELECTOR = YES;
				GCC_WARN_UNINITIALIZED_AUTOS = YES_AGGRESSIVE;
				GCC_WARN_UNUSED_FUNCTION = YES;
				GCC_WARN_UNUSED_VARIABLE = YES;
				IPHONEOS_DEPLOYMENT_TARGET = 17.2;
				LOCALIZATION_PREFERS_STRING_CATALOGS = YES;
				MTL_ENABLE_DEBUG_INFO = NO;
				MTL_FAST_MATH = YES;
				SDKROOT = iphoneos;
				SWIFT_COMPILATION_MODE = wholemodule;
				VALIDATE_PRODUCT = YES;
			};
			name = Release;
		};
		BE78E3ED2F4C7DFB00F603AE /* Debug */ = {
			isa = XCBuildConfiguration;
			buildSettings = {
				ASSETCATALOG_COMPILER_APPICON_NAME = AppIcon;
				ASSETCATALOG_COMPILER_GLOBAL_ACCENT_COLOR_NAME = AccentColor;
				CODE_SIGN_ENTITLEMENTS = OnePlan/OnePlan.entitlements;
				CODE_SIGN_STYLE = Automatic;
				CURRENT_PROJECT_VERSION = 32;
				DEVELOPMENT_TEAM = P9CL9VF72D;
				ENABLE_PREVIEWS = YES;
				GENERATE_INFOPLIST_FILE = YES;
				INFOPLIST_FILE = OnePlan/Info.plist;
				INFOPLIST_KEY_CFBundleDisplayName = "OnePlan Local";
				INFOPLIST_KEY_LSApplicationCategoryType = "public.app-category.travel";
				INFOPLIST_KEY_NSCameraUsageDescription = "Scan receipts to split bills, capture trip photos, and add cover images to your plans.";
				INFOPLIST_KEY_NSFaceIDUsageDescription = "Confirm sensitive actions like deleting your account or acquiring a marketplace plan.";
				INFOPLIST_KEY_NSLocationWhenInUseUsageDescription = "Show your trip locations on the map and tag plan items with nearby places.";
				INFOPLIST_KEY_NSMicrophoneUsageDescription = "Record short voice notes attached to plan items.";
				INFOPLIST_KEY_NSPhotoLibraryAddUsageDescription = "Save trip photos and exported plan images to your photo library.";
				INFOPLIST_KEY_NSPhotoLibraryUsageDescription = "Attach photos to trip memories, plan items, and marketplace listings.";
				INFOPLIST_KEY_UIAppFonts = "BeVietnamPro-Black.ttf BeVietnamPro-BlackItalic.ttf BeVietnamPro-Bold.ttf BeVietnamPro-BoldItalic.ttf BeVietnamPro-ExtraBold.ttf BeVietnamPro-ExtraBoldItalic.ttf BeVietnamPro-ExtraLight.ttf BeVietnamPro-ExtraLightItalic.ttf BeVietnamPro-Italic.ttf BeVietnamPro-Light.ttf BeVietnamPro-LightItalic.ttf BeVietnamPro-Medium.ttf BeVietnamPro-MediumItalic.ttf BeVietnamPro-Regular.ttf BeVietnamPro-SemiBold.ttf BeVietnamPro-SemiBoldItalic.ttf BeVietnamPro-Thin.ttf BeVietnamPro-ThinItalic.ttf InstrumentSerif-Italic.ttf InstrumentSerif-Regular.ttf";
				INFOPLIST_KEY_UIApplicationSceneManifest_Generation = YES;
				INFOPLIST_KEY_UIApplicationSupportsIndirectInputEvents = YES;
				INFOPLIST_KEY_UILaunchScreen_Generation = YES;
				INFOPLIST_KEY_UISupportedInterfaceOrientations = UIInterfaceOrientationPortrait;
				LD_RUNPATH_SEARCH_PATHS = (
					"$(inherited)",
					"@executable_path/Frameworks",
				);
				MARKETING_VERSION = 1.4.9;
				PRIVY_APP_CLIENT_ID = "client-WY6c1VpCLCaDURZ6qqNttBgCgzdDRK6rFSp5CZz7o7bpe";
				PRODUCT_BUNDLE_IDENTIFIER = local.lumilabs.oneplan;
				PRODUCT_NAME = "$(TARGET_NAME)";
				STRING_CATALOG_GENERATE_SYMBOLS = YES;
				SUPPORTED_PLATFORMS = "iphoneos iphonesimulator";
				SUPPORTS_MACCATALYST = NO;
				SUPPORTS_MAC_DESIGNED_FOR_IPHONE_IPAD = NO;
				SUPPORTS_XR_DESIGNED_FOR_IPHONE_IPAD = NO;
				SWIFT_APPROACHABLE_CONCURRENCY = NO;
				SWIFT_DEFAULT_ACTOR_ISOLATION = nonisolated;
				SWIFT_EMIT_LOC_STRINGS = YES;
				SWIFT_UPCOMING_FEATURE_MEMBER_IMPORT_VISIBILITY = YES;
				SWIFT_VERSION = 5.0;
				TARGETED_DEVICE_FAMILY = 1;
			};
			name = Debug;
		};
		BE78E3EE2F4C7DFB00F603AE /* Release */ = {
			isa = XCBuildConfiguration;
			buildSettings = {
				ASSETCATALOG_COMPILER_APPICON_NAME = AppIcon;
				ASSETCATALOG_COMPILER_GLOBAL_ACCENT_COLOR_NAME = AccentColor;
				CODE_SIGN_ENTITLEMENTS = OnePlan/OnePlan.entitlements;
				CODE_SIGN_STYLE = Automatic;
				CURRENT_PROJECT_VERSION = 32;
				DEVELOPMENT_TEAM = P9CL9VF72D;
				ENABLE_PREVIEWS = YES;
				GENERATE_INFOPLIST_FILE = YES;
				INFOPLIST_FILE = OnePlan/Info.plist;
				INFOPLIST_KEY_CFBundleDisplayName = "OnePlan Travel";
				INFOPLIST_KEY_LSApplicationCategoryType = "public.app-category.travel";
				INFOPLIST_KEY_NSCameraUsageDescription = "Scan receipts to split bills, capture trip photos, and add cover images to your plans.";
				INFOPLIST_KEY_NSFaceIDUsageDescription = "Confirm sensitive actions like deleting your account or acquiring a marketplace plan.";
				INFOPLIST_KEY_NSLocationWhenInUseUsageDescription = "Show your trip locations on the map and tag plan items with nearby places.";
				INFOPLIST_KEY_NSMicrophoneUsageDescription = "Record short voice notes attached to plan items.";
				INFOPLIST_KEY_NSPhotoLibraryAddUsageDescription = "Save trip photos and exported plan images to your photo library.";
				INFOPLIST_KEY_NSPhotoLibraryUsageDescription = "Attach photos to trip memories, plan items, and marketplace listings.";
				INFOPLIST_KEY_UIAppFonts = "BeVietnamPro-Black.ttf BeVietnamPro-BlackItalic.ttf BeVietnamPro-Bold.ttf BeVietnamPro-BoldItalic.ttf BeVietnamPro-ExtraBold.ttf BeVietnamPro-ExtraBoldItalic.ttf BeVietnamPro-ExtraLight.ttf BeVietnamPro-ExtraLightItalic.ttf BeVietnamPro-Italic.ttf BeVietnamPro-Light.ttf BeVietnamPro-LightItalic.ttf BeVietnamPro-Medium.ttf BeVietnamPro-MediumItalic.ttf BeVietnamPro-Regular.ttf BeVietnamPro-SemiBold.ttf BeVietnamPro-SemiBoldItalic.ttf BeVietnamPro-Thin.ttf BeVietnamPro-ThinItalic.ttf InstrumentSerif-Italic.ttf InstrumentSerif-Regular.ttf";
				INFOPLIST_KEY_UIApplicationSceneManifest_Generation = YES;
				INFOPLIST_KEY_UIApplicationSupportsIndirectInputEvents = YES;
				INFOPLIST_KEY_UILaunchScreen_Generation = YES;
				INFOPLIST_KEY_UISupportedInterfaceOrientations = UIInterfaceOrientationPortrait;
				LD_RUNPATH_SEARCH_PATHS = (
					"$(inherited)",
					"@executable_path/Frameworks",
				);
				MARKETING_VERSION = 1.4.9;
				PRIVY_APP_CLIENT_ID = "client-WY6c1VpCLCaDURZ6qqNttBgCgzdDRK6rFT27S47DoV6z7";
				PRODUCT_BUNDLE_IDENTIFIER = lumilabs.oneplan;
				PRODUCT_NAME = "$(TARGET_NAME)";
				STRING_CATALOG_GENERATE_SYMBOLS = YES;
				SUPPORTED_PLATFORMS = "iphoneos iphonesimulator";
				SUPPORTS_MACCATALYST = NO;
				SUPPORTS_MAC_DESIGNED_FOR_IPHONE_IPAD = NO;
				SUPPORTS_XR_DESIGNED_FOR_IPHONE_IPAD = NO;
				SWIFT_ACTIVE_COMPILATION_CONDITIONS = "";
				SWIFT_APPROACHABLE_CONCURRENCY = NO;
				SWIFT_DEFAULT_ACTOR_ISOLATION = nonisolated;
				SWIFT_EMIT_LOC_STRINGS = YES;
				SWIFT_UPCOMING_FEATURE_MEMBER_IMPORT_VISIBILITY = YES;
				SWIFT_VERSION = 5.0;
				TARGETED_DEVICE_FAMILY = 1;
			};
			name = Release;
		};
		BE8DCF2A2FDE7CE3009C3827 /* Debug */ = {
			isa = XCBuildConfiguration;
			buildSettings = {
				CODE_SIGN_ENTITLEMENTS = ShareExtension/ShareExtension.entitlements;
				CODE_SIGN_STYLE = Automatic;
				CURRENT_PROJECT_VERSION = 1;
				DEVELOPMENT_TEAM = P9CL9VF72D;
				GENERATE_INFOPLIST_FILE = YES;
				INFOPLIST_FILE = ShareExtension/Info.plist;
				INFOPLIST_KEY_CFBundleDisplayName = ShareExtension;
				INFOPLIST_KEY_NSHumanReadableCopyright = "";
				IPHONEOS_DEPLOYMENT_TARGET = 17.2;
				LD_RUNPATH_SEARCH_PATHS = (
					"$(inherited)",
					"@executable_path/Frameworks",
					"@executable_path/../../Frameworks",
				);
				MARKETING_VERSION = 1.0;
				PRODUCT_BUNDLE_IDENTIFIER = local.lumilabs.oneplan.ShareExtension;
				PRODUCT_NAME = "$(TARGET_NAME)";
				SKIP_INSTALL = YES;
				STRING_CATALOG_GENERATE_SYMBOLS = YES;
				SWIFT_APPROACHABLE_CONCURRENCY = YES;
				SWIFT_EMIT_LOC_STRINGS = YES;
				SWIFT_UPCOMING_FEATURE_MEMBER_IMPORT_VISIBILITY = YES;
				SWIFT_VERSION = 5.0;
				TARGETED_DEVICE_FAMILY = "1,2";
			};
			name = Debug;
		};
		BE8DCF2B2FDE7CE3009C3827 /* Release */ = {
			isa = XCBuildConfiguration;
			buildSettings = {
				CODE_SIGN_ENTITLEMENTS = ShareExtension/ShareExtension.entitlements;
				CODE_SIGN_STYLE = Automatic;
				CURRENT_PROJECT_VERSION = 1;
				DEVELOPMENT_TEAM = P9CL9VF72D;
				GENERATE_INFOPLIST_FILE = YES;
				INFOPLIST_FILE = ShareExtension/Info.plist;
				INFOPLIST_KEY_CFBundleDisplayName = ShareExtension;
				INFOPLIST_KEY_NSHumanReadableCopyright = "";
				IPHONEOS_DEPLOYMENT_TARGET = 17.2;
				LD_RUNPATH_SEARCH_PATHS = (
					"$(inherited)",
					"@executable_path/Frameworks",
					"@executable_path/../../Frameworks",
				);
				MARKETING_VERSION = 1.0;
				PRODUCT_BUNDLE_IDENTIFIER = lumilabs.oneplan.ShareExtension;
				PRODUCT_NAME = "$(TARGET_NAME)";
				SKIP_INSTALL = YES;
				STRING_CATALOG_GENERATE_SYMBOLS = YES;
				SWIFT_APPROACHABLE_CONCURRENCY = YES;
				SWIFT_EMIT_LOC_STRINGS = YES;
				SWIFT_UPCOMING_FEATURE_MEMBER_IMPORT_VISIBILITY = YES;
				SWIFT_VERSION = 5.0;
				TARGETED_DEVICE_FAMILY = "1,2";
			};
			name = Release;
		};
		BE8DCF2C2FDE7CE3009C3827 /* Release-Dev */ = {
			isa = XCBuildConfiguration;
			buildSettings = {
				CODE_SIGN_ENTITLEMENTS = ShareExtension/ShareExtension.entitlements;
				CODE_SIGN_STYLE = Automatic;
				CURRENT_PROJECT_VERSION = 1;
				DEVELOPMENT_TEAM = P9CL9VF72D;
				GENERATE_INFOPLIST_FILE = YES;
				INFOPLIST_FILE = ShareExtension/Info.plist;
				INFOPLIST_KEY_CFBundleDisplayName = ShareExtension;
				INFOPLIST_KEY_NSHumanReadableCopyright = "";
				IPHONEOS_DEPLOYMENT_TARGET = 17.2;
				LD_RUNPATH_SEARCH_PATHS = (
					"$(inherited)",
					"@executable_path/Frameworks",
					"@executable_path/../../Frameworks",
				);
				MARKETING_VERSION = 1.0;
				PRODUCT_BUNDLE_IDENTIFIER = dev.lumilabs.oneplan.ShareExtension;
				PRODUCT_NAME = "$(TARGET_NAME)";
				SKIP_INSTALL = YES;
				STRING_CATALOG_GENERATE_SYMBOLS = YES;
				SWIFT_APPROACHABLE_CONCURRENCY = YES;
				SWIFT_EMIT_LOC_STRINGS = YES;
				SWIFT_UPCOMING_FEATURE_MEMBER_IMPORT_VISIBILITY = YES;
				SWIFT_VERSION = 5.0;
				TARGETED_DEVICE_FAMILY = "1,2";
			};
			name = "Release-Dev";
		};
		BECC025D2F7DE9BD003A155A /* Release-Dev */ = {
			isa = XCBuildConfiguration;
			buildSettings = {
				ALWAYS_SEARCH_USER_PATHS = NO;
				ASSETCATALOG_COMPILER_GENERATE_SWIFT_ASSET_SYMBOL_EXTENSIONS = YES;
				CLANG_ANALYZER_NONNULL = YES;
				CLANG_ANALYZER_NUMBER_OBJECT_CONVERSION = YES_AGGRESSIVE;
				CLANG_CXX_LANGUAGE_STANDARD = "gnu++20";
				CLANG_ENABLE_MODULES = YES;
				CLANG_ENABLE_OBJC_ARC = YES;
				CLANG_ENABLE_OBJC_WEAK = YES;
				CLANG_WARN_BLOCK_CAPTURE_AUTORELEASING = YES;
				CLANG_WARN_BOOL_CONVERSION = YES;
				CLANG_WARN_COMMA = YES;
				CLANG_WARN_CONSTANT_CONVERSION = YES;
				CLANG_WARN_DEPRECATED_OBJC_IMPLEMENTATIONS = YES;
				CLANG_WARN_DIRECT_OBJC_ISA_USAGE = YES_ERROR;
				CLANG_WARN_DOCUMENTATION_COMMENTS = YES;
				CLANG_WARN_EMPTY_BODY = YES;
				CLANG_WARN_ENUM_CONVERSION = YES;
				CLANG_WARN_INFINITE_RECURSION = YES;
				CLANG_WARN_INT_CONVERSION = YES;
				CLANG_WARN_NON_LITERAL_NULL_CONVERSION = YES;
				CLANG_WARN_OBJC_IMPLICIT_RETAIN_SELF = YES;
				CLANG_WARN_OBJC_LITERAL_CONVERSION = YES;
				CLANG_WARN_OBJC_ROOT_CLASS = YES_ERROR;
				CLANG_WARN_QUOTED_INCLUDE_IN_FRAMEWORK_HEADER = YES;
				CLANG_WARN_RANGE_LOOP_ANALYSIS = YES;
				CLANG_WARN_STRICT_PROTOTYPES = YES;
				CLANG_WARN_SUSPICIOUS_MOVE = YES;
				CLANG_WARN_UNGUARDED_AVAILABILITY = YES_AGGRESSIVE;
				CLANG_WARN_UNREACHABLE_CODE = YES;
				CLANG_WARN__DUPLICATE_METHOD_MATCH = YES;
				COPY_PHASE_STRIP = NO;
				DEBUG_INFORMATION_FORMAT = "dwarf-with-dsym";
				ENABLE_NS_ASSERTIONS = NO;
				ENABLE_STRICT_OBJC_MSGSEND = YES;
				ENABLE_USER_SCRIPT_SANDBOXING = YES;
				GCC_C_LANGUAGE_STANDARD = gnu17;
				GCC_NO_COMMON_BLOCKS = YES;
				GCC_WARN_64_TO_32_BIT_CONVERSION = YES;
				GCC_WARN_ABOUT_RETURN_TYPE = YES_ERROR;
				GCC_WARN_UNDECLARED_SELECTOR = YES;
				GCC_WARN_UNINITIALIZED_AUTOS = YES_AGGRESSIVE;
				GCC_WARN_UNUSED_FUNCTION = YES;
				GCC_WARN_UNUSED_VARIABLE = YES;
				IPHONEOS_DEPLOYMENT_TARGET = 17.2;
				LOCALIZATION_PREFERS_STRING_CATALOGS = YES;
				MTL_ENABLE_DEBUG_INFO = NO;
				MTL_FAST_MATH = YES;
				SDKROOT = iphoneos;
				SWIFT_COMPILATION_MODE = wholemodule;
				VALIDATE_PRODUCT = YES;
			};
			name = "Release-Dev";
		};
		BECC025E2F7DE9BD003A155A /* Release-Dev */ = {
			isa = XCBuildConfiguration;
			buildSettings = {
				ASSETCATALOG_COMPILER_APPICON_NAME = AppIcon;
				ASSETCATALOG_COMPILER_GLOBAL_ACCENT_COLOR_NAME = AccentColor;
				CODE_SIGN_ENTITLEMENTS = OnePlan/OnePlan.entitlements;
				CODE_SIGN_STYLE = Automatic;
				CURRENT_PROJECT_VERSION = 32;
				DEVELOPMENT_TEAM = P9CL9VF72D;
				ENABLE_PREVIEWS = YES;
				GENERATE_INFOPLIST_FILE = YES;
				INFOPLIST_FILE = OnePlan/Info.plist;
				INFOPLIST_KEY_CFBundleDisplayName = "OnePlan Dev";
				INFOPLIST_KEY_LSApplicationCategoryType = "public.app-category.travel";
				INFOPLIST_KEY_NSCameraUsageDescription = "Scan receipts to split bills, capture trip photos, and add cover images to your plans.";
				INFOPLIST_KEY_NSFaceIDUsageDescription = "Confirm sensitive actions like deleting your account or acquiring a marketplace plan.";
				INFOPLIST_KEY_NSLocationWhenInUseUsageDescription = "Show your trip locations on the map and tag plan items with nearby places.";
				INFOPLIST_KEY_NSMicrophoneUsageDescription = "Record short voice notes attached to plan items.";
				INFOPLIST_KEY_NSPhotoLibraryAddUsageDescription = "Save trip photos and exported plan images to your photo library.";
				INFOPLIST_KEY_NSPhotoLibraryUsageDescription = "Attach photos to trip memories, plan items, and marketplace listings.";
				INFOPLIST_KEY_UIAppFonts = "BeVietnamPro-Black.ttf BeVietnamPro-BlackItalic.ttf BeVietnamPro-Bold.ttf BeVietnamPro-BoldItalic.ttf BeVietnamPro-ExtraBold.ttf BeVietnamPro-ExtraBoldItalic.ttf BeVietnamPro-ExtraLight.ttf BeVietnamPro-ExtraLightItalic.ttf BeVietnamPro-Italic.ttf BeVietnamPro-Light.ttf BeVietnamPro-LightItalic.ttf BeVietnamPro-Medium.ttf BeVietnamPro-MediumItalic.ttf BeVietnamPro-Regular.ttf BeVietnamPro-SemiBold.ttf BeVietnamPro-SemiBoldItalic.ttf BeVietnamPro-Thin.ttf BeVietnamPro-ThinItalic.ttf InstrumentSerif-Italic.ttf InstrumentSerif-Regular.ttf";
				INFOPLIST_KEY_UIApplicationSceneManifest_Generation = YES;
				INFOPLIST_KEY_UIApplicationSupportsIndirectInputEvents = YES;
				INFOPLIST_KEY_UILaunchScreen_Generation = YES;
				INFOPLIST_KEY_UISupportedInterfaceOrientations = UIInterfaceOrientationPortrait;
				LD_RUNPATH_SEARCH_PATHS = (
					"$(inherited)",
					"@executable_path/Frameworks",
				);
				MARKETING_VERSION = 1.4.9;
				PRIVY_APP_CLIENT_ID = "client-WY6c1VpCLCaDURZ6qqNttBgCgzdDRK6rFSxw5ANccNY5U";
				PRODUCT_BUNDLE_IDENTIFIER = dev.lumilabs.oneplan;
				PRODUCT_NAME = "$(TARGET_NAME)";
				STRING_CATALOG_GENERATE_SYMBOLS = YES;
				SUPPORTED_PLATFORMS = "iphoneos iphonesimulator";
				SUPPORTS_MACCATALYST = NO;
				SUPPORTS_MAC_DESIGNED_FOR_IPHONE_IPAD = NO;
				SUPPORTS_XR_DESIGNED_FOR_IPHONE_IPAD = NO;
				SWIFT_ACTIVE_COMPILATION_CONDITIONS = DEV;
				SWIFT_APPROACHABLE_CONCURRENCY = NO;
				SWIFT_DEFAULT_ACTOR_ISOLATION = nonisolated;
				SWIFT_EMIT_LOC_STRINGS = YES;
				SWIFT_UPCOMING_FEATURE_MEMBER_IMPORT_VISIBILITY = YES;
				SWIFT_VERSION = 5.0;
				TARGETED_DEVICE_FAMILY = 1;
			};
			name = "Release-Dev";
		};
/* End XCBuildConfiguration section */

/* Begin XCConfigurationList section */
		AA1100000000000000000007 /* Build configuration list for PBXNativeTarget "OnePlanTests" */ = {
			isa = XCConfigurationList;
			buildConfigurations = (
				AA1100000000000000000008 /* Debug */,
				AA1100000000000000000009 /* Release */,
				53B946A93019A279006CDA01 /* Release-Dev */,
			);
			defaultConfigurationIsVisible = 0;
			defaultConfigurationName = Release;
		};
		BE78E3DA2F4C7DFA00F603AE /* Build configuration list for PBXProject "OnePlan" */ = {
			isa = XCConfigurationList;
			buildConfigurations = (
				BE78E3EA2F4C7DFB00F603AE /* Debug */,
				BE78E3EB2F4C7DFB00F603AE /* Release */,
				BECC025D2F7DE9BD003A155A /* Release-Dev */,
			);
			defaultConfigurationIsVisible = 0;
			defaultConfigurationName = Release;
		};
		BE78E3EC2F4C7DFB00F603AE /* Build configuration list for PBXNativeTarget "OnePlan" */ = {
			isa = XCConfigurationList;
			buildConfigurations = (
				BE78E3ED2F4C7DFB00F603AE /* Debug */,
				BE78E3EE2F4C7DFB00F603AE /* Release */,
				BECC025E2F7DE9BD003A155A /* Release-Dev */,
			);
			defaultConfigurationIsVisible = 0;
			defaultConfigurationName = Release;
		};
		BE8DCF292FDE7CE3009C3827 /* Build configuration list for PBXNativeTarget "ShareExtension" */ = {
			isa = XCConfigurationList;
			buildConfigurations = (
				BE8DCF2A2FDE7CE3009C3827 /* Debug */,
				BE8DCF2B2FDE7CE3009C3827 /* Release */,
				BE8DCF2C2FDE7CE3009C3827 /* Release-Dev */,
			);
			defaultConfigurationIsVisible = 0;
			defaultConfigurationName = Release;
		};
/* End XCConfigurationList section */

/* Begin XCRemoteSwiftPackageReference section */
		AA1100000000000000000010 /* XCRemoteSwiftPackageReference "privy-ios" */ = {
			isa = XCRemoteSwiftPackageReference;
			repositoryURL = "https://github.com/privy-io/privy-ios";
			requirement = {
				kind = upToNextMajorVersion;
				minimumVersion = 2.14.0;
			};
		};
		BE56E9082F6BAF630076E124 /* XCRemoteSwiftPackageReference "swift-http-types" */ = {
			isa = XCRemoteSwiftPackageReference;
			repositoryURL = "https://github.com/apple/swift-http-types";
			requirement = {
				kind = upToNextMajorVersion;
				minimumVersion = 1.5.1;
			};
		};
		BEA27B3E2F6919F300CEC993 /* XCRemoteSwiftPackageReference "swift-openapi-generator" */ = {
			isa = XCRemoteSwiftPackageReference;
			repositoryURL = "https://github.com/apple/swift-openapi-generator";
			requirement = {
				kind = upToNextMajorVersion;
				minimumVersion = 1.10.4;
			};
		};
		BEA27B432F691A1500CEC993 /* XCRemoteSwiftPackageReference "swift-openapi-runtime" */ = {
			isa = XCRemoteSwiftPackageReference;
			repositoryURL = "https://github.com/apple/swift-openapi-runtime";
			requirement = {
				kind = upToNextMajorVersion;
				minimumVersion = 1.11.0;
			};
		};
		BEA27B462F691A2E00CEC993 /* XCRemoteSwiftPackageReference "swift-openapi-urlsession" */ = {
			isa = XCRemoteSwiftPackageReference;
			repositoryURL = "https://github.com/apple/swift-openapi-urlsession";
			requirement = {
				kind = upToNextMajorVersion;
				minimumVersion = 1.2.0;
			};
		};
		BEEA8BCE2F6FF37F00864477 /* XCRemoteSwiftPackageReference "GoogleSignIn-iOS" */ = {
			isa = XCRemoteSwiftPackageReference;
			repositoryURL = "https://github.com/google/GoogleSignIn-iOS";
			requirement = {
				kind = upToNextMajorVersion;
				minimumVersion = 9.1.0;
			};
		};
/* End XCRemoteSwiftPackageReference section */

/* Begin XCSwiftPackageProductDependency section */
		AA1100000000000000000011 /* Privy */ = {
			isa = XCSwiftPackageProductDependency;
			package = AA1100000000000000000010 /* XCRemoteSwiftPackageReference "privy-ios" */;
			productName = Privy;
		};
		BE56E9092F6BAF630076E124 /* HTTPTypes */ = {
			isa = XCSwiftPackageProductDependency;
			package = BE56E9082F6BAF630076E124 /* XCRemoteSwiftPackageReference "swift-http-types" */;
			productName = HTTPTypes;
		};
		BE56E90B2F6BAF630076E124 /* HTTPTypesFoundation */ = {
			isa = XCSwiftPackageProductDependency;
			package = BE56E9082F6BAF630076E124 /* XCRemoteSwiftPackageReference "swift-http-types" */;
			productName = HTTPTypesFoundation;
		};
		BEA27B442F691A1500CEC993 /* OpenAPIRuntime */ = {
			isa = XCSwiftPackageProductDependency;
			package = BEA27B432F691A1500CEC993 /* XCRemoteSwiftPackageReference "swift-openapi-runtime" */;
			productName = OpenAPIRuntime;
		};
		BEA27B472F691A2E00CEC993 /* OpenAPIURLSession */ = {
			isa = XCSwiftPackageProductDependency;
			package = BEA27B462F691A2E00CEC993 /* XCRemoteSwiftPackageReference "swift-openapi-urlsession" */;
			productName = OpenAPIURLSession;
		};
		BEA27B522F692B5000CEC993 /* OpenAPIGenerator */ = {
			isa = XCSwiftPackageProductDependency;
			package = BEA27B3E2F6919F300CEC993 /* XCRemoteSwiftPackageReference "swift-openapi-generator" */;
			productName = "plugin:OpenAPIGenerator";
		};
		BEEA8BCF2F6FF37F00864477 /* GoogleSignIn */ = {
			isa = XCSwiftPackageProductDependency;
			package = BEEA8BCE2F6FF37F00864477 /* XCRemoteSwiftPackageReference "GoogleSignIn-iOS" */;
			productName = GoogleSignIn;
		};
		BEEA8BD12F6FF37F00864477 /* GoogleSignInSwift */ = {
			isa = XCSwiftPackageProductDependency;
			package = BEEA8BCE2F6FF37F00864477 /* XCRemoteSwiftPackageReference "GoogleSignIn-iOS" */;
			productName = GoogleSignInSwift;
		};
/* End XCSwiftPackageProductDependency section */
	};
	rootObject = BE78E3D72F4C7DFA00F603AE /* Project object */;
}
